
Microsoft Visual Studio Solution File, Format Version 12.00
# Visual Studio Version 17
VisualStudioVersion = 17.11.35222.181
MinimumVisualStudioVersion = 10.0.40219.1
Project("{FAE04EC0-301F-11D3-BF4B-00C04F79EFBC}") = "Практическая байков 1", "Практическая байков 1\Практическая байков 1.csproj", "{DE142386-9BE8-4009-8E5B-803F7BE69493}"
EndProject
Project("{FAE04EC0-301F-11D3-BF4B-00C04F79EFBC}") = "WpfLibrary1", "WpfLibrary1\WpfLibrary1.csproj", "{37E1D826-7A60-4049-A1D1-B212722C38CA}"
EndProject
Global
	GlobalSection(SolutionConfigurationPlatforms) = preSolution
		Debug|Any CPU = Debug|Any CPU
		Release|Any CPU = Release|Any CPU
	EndGlobalSection
	GlobalSection(ProjectConfigurationPlatforms) = postSolution
		{DE142386-9BE8-4009-8E5B-803F7BE69493}.Debug|Any CPU.ActiveCfg = Debug|Any CPU
		{DE142386-9BE8-4009-8E5B-803F7BE69493}.Debug|Any CPU.Build.0 = Debug|Any CPU
		{DE142386-9BE8-4009-8E5B-803F7BE69493}.Release|Any CPU.ActiveCfg = Release|Any CPU
		{DE142386-9BE8-4009-8E5B-803F7BE69493}.Release|Any CPU.Build.0 = Release|Any CPU
		{37E1D826-7A60-4049-A1D1-B212722C38CA}.Debug|Any CPU.ActiveCfg = Debug|Any CPU
		{37E1D826-7A60-4049-A1D1-B212722C38CA}.Debug|Any CPU.Build.0 = Debug|Any CPU
		{37E1D826-7A60-4049-A1D1-B212722C38CA}.Release|Any CPU.ActiveCfg = Release|Any CPU
		{37E1D826-7A60-4049-A1D1-B212722C38CA}.Release|Any CPU.Build.0 = Release|Any CPU
	EndGlobalSection
	GlobalSection(SolutionProperties) = preSolution
		HideSolutionNode = FALSE
	EndGlobalSection
	GlobalSection(ExtensibilityGlobals) = postSolution
		SolutionGuid = {43FC2306-B3C5-4048-B33D-9049058684EF}
	EndGlobalSection
EndGlobal
